// !$*UTF8*$!
{
	archiveVersion = 1;
	classes = {
	};
	objectVersion = 51;
	objects = {

/* Begin PBXBuildFile section */
		1E13D0779708772EB4D0E66D /* Pods_Smiler.framework in Frameworks */ = {isa = PBXBuildFile; fileRef = EA5D950F0170741E3B235656 /* Pods_Smiler.framework */; };
		4EC82BBDAB11F62A432E64F2 /* Pods_Smiler_SmilerUITests.framework in Frameworks */ = {isa = PBXBuildFile; fileRef = AD21A10148BE393287CB1383 /* Pods_Smiler_SmilerUITests.framework */; };
		57389DAB267D9022009635AE /* API_Info.plist in Resources */ = {isa = PBXBuildFile; fileRef = 57389DAA267D9022009635AE /* API_Info.plist */; };
		57754121266174B800C0DC6B /* AppNavigationBar.swift in Sources */ = {isa = PBXBuildFile; fileRef = 57754120266174B800C0DC6B /* AppNavigationBar.swift */; };
		57754139266175A900C0DC6B /* UIWindow.swift in Sources */ = {isa = PBXBuildFile; fileRef = 57754138266175A900C0DC6B /* UIWindow.swift */; };
		5775413E266175D100C0DC6B /* UIView.swift in Sources */ = {isa = PBXBuildFile; fileRef = 5775413D266175D100C0DC6B /* UIView.swift */; };
		577541432661767500C0DC6B /* NatFont.swift in Sources */ = {isa = PBXBuildFile; fileRef = 577541422661767500C0DC6B /* NatFont.swift */; };
		57754148266177FD00C0DC6B /* ContactsManagerTBViewCell.swift in Sources */ = {isa = PBXBuildFile; fileRef = 57754147266177FD00C0DC6B /* ContactsManagerTBViewCell.swift */; };
		5775414D266178FD00C0DC6B /* FeedbackButton.swift in Sources */ = {isa = PBXBuildFile; fileRef = 5775414C266178FD00C0DC6B /* FeedbackButton.swift */; };
		6E10C7152574538E00A39F3F /* UIButton.swift in Sources */ = {isa = PBXBuildFile; fileRef = 6E10C7142574538E00A39F3F /* UIButton.swift */; };
		6E10C7292575687400A39F3F /* ShakeView.swift in Sources */ = {isa = PBXBuildFile; fileRef = 6E10C7282575687400A39F3F /* ShakeView.swift */; };
		6E10C7772579BC5300A39F3F /* String.swift in Sources */ = {isa = PBXBuildFile; fileRef = 6E10C7762579BC5300A39F3F /* String.swift */; };
		A070C6E48D3C83A564EC6F20 /* Pods_Smiler_SmilerTests.framework in Frameworks */ = {isa = PBXBuildFile; fileRef = A90AE9BB233C6C99853A93C0 /* Pods_Smiler_SmilerTests.framework */; };
		AD41F232256D51C300F0E467 /* Coordinator.swift in Sources */ = {isa = PBXBuildFile; fileRef = AD41F231256D51C300F0E467 /* Coordinator.swift */; };
		AD41F237256D51D000F0E467 /* ViewCodable.swift in Sources */ = {isa = PBXBuildFile; fileRef = AD41F236256D51D000F0E467 /* ViewCodable.swift */; };
		AD41F23C256D522500F0E467 /* MainCoordinator.swift in Sources */ = {isa = PBXBuildFile; fileRef = AD41F23B256D522500F0E467 /* MainCoordinator.swift */; };
		ADFBEC13256D4BDB002EAE9D /* AppDelegate.swift in Sources */ = {isa = PBXBuildFile; fileRef = ADFBEC12256D4BDB002EAE9D /* AppDelegate.swift */; };
		ADFBEC15256D4BDB002EAE9D /* SceneDelegate.swift in Sources */ = {isa = PBXBuildFile; fileRef = ADFBEC14256D4BDB002EAE9D /* SceneDelegate.swift */; };
		ADFBEC17256D4BDB002EAE9D /* ShakeViewController.swift in Sources */ = {isa = PBXBuildFile; fileRef = ADFBEC16256D4BDB002EAE9D /* ShakeViewController.swift */; };
		ADFBEC1D256D4BDB002EAE9D /* Prototype.xcdatamodeld in Sources */ = {isa = PBXBuildFile; fileRef = ADFBEC1B256D4BDB002EAE9D /* Prototype.xcdatamodeld */; };
		ADFBEC1F256D4BDC002EAE9D /* Assets.xcassets in Resources */ = {isa = PBXBuildFile; fileRef = ADFBEC1E256D4BDC002EAE9D /* Assets.xcassets */; };
		ADFBEC22256D4BDC002EAE9D /* LaunchScreen.storyboard in Resources */ = {isa = PBXBuildFile; fileRef = ADFBEC20256D4BDC002EAE9D /* LaunchScreen.storyboard */; };
		ADFBEC2D256D4BDC002EAE9D /* PrototypeTests.swift in Sources */ = {isa = PBXBuildFile; fileRef = ADFBEC2C256D4BDC002EAE9D /* PrototypeTests.swift */; };
		ADFBEC38256D4BDC002EAE9D /* PrototypeUITests.swift in Sources */ = {isa = PBXBuildFile; fileRef = ADFBEC37256D4BDC002EAE9D /* PrototypeUITests.swift */; };
		DC02A63526589F7100011760 /* CALayer.swift in Sources */ = {isa = PBXBuildFile; fileRef = DC02A63426589F7100011760 /* CALayer.swift */; };
		DC22DC14265187A400C50AA7 /* ObserverDeleteButton.swift in Sources */ = {isa = PBXBuildFile; fileRef = DC22DC13265187A400C50AA7 /* ObserverDeleteButton.swift */; };
		DC22DC162651B01100C50AA7 /* Alert.swift in Sources */ = {isa = PBXBuildFile; fileRef = DC22DC152651B01100C50AA7 /* Alert.swift */; };
		DC25AAF62670368F00122997 /* PropertiesForSMS.swift in Sources */ = {isa = PBXBuildFile; fileRef = DC25AAF52670368F00122997 /* PropertiesForSMS.swift */; };
		DC2F58BE2614FEC7008D12B3 /* MenuViewController.swift in Sources */ = {isa = PBXBuildFile; fileRef = DC2F58BD2614FEC7008D12B3 /* MenuViewController.swift */; };
		DC2F58C62614FEE3008D12B3 /* MenuView.swift in Sources */ = {isa = PBXBuildFile; fileRef = DC2F58C52614FEE3008D12B3 /* MenuView.swift */; };
		DC4C9AA426633A4B00F44D41 /* ReturnSMS_MessageBird.swift in Sources */ = {isa = PBXBuildFile; fileRef = DC4C9AA326633A4B00F44D41 /* ReturnSMS_MessageBird.swift */; };
		DC5505282652AFBD00B7EE29 /* PropertiesRequestSMSDev.swift in Sources */ = {isa = PBXBuildFile; fileRef = DC5505272652AFBD00B7EE29 /* PropertiesRequestSMSDev.swift */; };
		DC55052A2652AFD200B7EE29 /* ReturnSMS_SMSDev.swift in Sources */ = {isa = PBXBuildFile; fileRef = DC5505292652AFD200B7EE29 /* ReturnSMS_SMSDev.swift */; };
		DC55052C2652AFDB00B7EE29 /* APIResponse.swift in Sources */ = {isa = PBXBuildFile; fileRef = DC55052B2652AFDB00B7EE29 /* APIResponse.swift */; };
		DC55052E2652AFE200B7EE29 /* APIRequest.swift in Sources */ = {isa = PBXBuildFile; fileRef = DC55052D2652AFE200B7EE29 /* APIRequest.swift */; };
		DC5505302652AFE900B7EE29 /* APIClient.swift in Sources */ = {isa = PBXBuildFile; fileRef = DC55052F2652AFE900B7EE29 /* APIClient.swift */; };
		DC9AC68D266445DD00184CA5 /* PropertiesRequestMessageBird.swift in Sources */ = {isa = PBXBuildFile; fileRef = DC9AC68C266445DD00184CA5 /* PropertiesRequestMessageBird.swift */; };
		DC9AFD802654670C00EA5B49 /* NotificationService.swift in Sources */ = {isa = PBXBuildFile; fileRef = DC9AFD7F2654670C00EA5B49 /* NotificationService.swift */; };
		DCA809C026177EBD00AC89FC /* MenuViewViewControllerTestCase.swift in Sources */ = {isa = PBXBuildFile; fileRef = DCA809BF26177EBD00AC89FC /* MenuViewViewControllerTestCase.swift */; };
		DCA809CC26178F9300AC89FC /* AlertsManagerViewController.swift in Sources */ = {isa = PBXBuildFile; fileRef = DCA809CB26178F9300AC89FC /* AlertsManagerViewController.swift */; };
		DCA809D426178FAB00AC89FC /* AlertsView.swift in Sources */ = {isa = PBXBuildFile; fileRef = DCA809D326178FAB00AC89FC /* AlertsView.swift */; };
		DCA809E3261793E800AC89FC /* ContactsManagerViewController.swift in Sources */ = {isa = PBXBuildFile; fileRef = DCA809E2261793E800AC89FC /* ContactsManagerViewController.swift */; };
		DCA809EB261793FA00AC89FC /* ContactsManagerView.swift in Sources */ = {isa = PBXBuildFile; fileRef = DCA809EA261793FA00AC89FC /* ContactsManagerView.swift */; };
		DCA809F02617C40400AC89FC /* TableHourDelegate.swift in Sources */ = {isa = PBXBuildFile; fileRef = DCA809EF2617C40400AC89FC /* TableHourDelegate.swift */; };
		DCA809F52617C45A00AC89FC /* TableHourDataSource.swift in Sources */ = {isa = PBXBuildFile; fileRef = DCA809F42617C45A00AC89FC /* TableHourDataSource.swift */; };
		DCA809FA2617D67400AC89FC /* AlertViewCell.swift in Sources */ = {isa = PBXBuildFile; fileRef = DCA809F92617D67400AC89FC /* AlertViewCell.swift */; };
		DCCC8872267042BE00B01C87 /* hand_shake.gif in Resources */ = {isa = PBXBuildFile; fileRef = DCCC8871267042BE00B01C87 /* hand_shake.gif */; };
		DCCFCF0B265D7375007623AB /* AcessoryViewKeyboard.swift in Sources */ = {isa = PBXBuildFile; fileRef = DCCFCF0A265D7375007623AB /* AcessoryViewKeyboard.swift */; };
		DCDE75D1261A56EA007D1BE4 /* Date.swift in Sources */ = {isa = PBXBuildFile; fileRef = DCDE75D0261A56EA007D1BE4 /* Date.swift */; };
		DCE2A93D2653ED0C007B99B9 /* PersistenceAlerts.swift in Sources */ = {isa = PBXBuildFile; fileRef = DCE2A93C2653ED0C007B99B9 /* PersistenceAlerts.swift */; };
		DCE2A9402653F4E8007B99B9 /* Persistence.swift in Sources */ = {isa = PBXBuildFile; fileRef = DCE2A93F2653F4E8007B99B9 /* Persistence.swift */; };
		DCE2A9422653FF73007B99B9 /* Results.swift in Sources */ = {isa = PBXBuildFile; fileRef = DCE2A9412653FF73007B99B9 /* Results.swift */; };
		DCE72A802655B491005D06E9 /* Roboto-Regular.ttf in Resources */ = {isa = PBXBuildFile; fileRef = DCE72A7F2655B491005D06E9 /* Roboto-Regular.ttf */; };
		DCE72A822655B4A1005D06E9 /* Roboto-Bold.ttf in Resources */ = {isa = PBXBuildFile; fileRef = DCE72A812655B4A1005D06E9 /* Roboto-Bold.ttf */; };
		DCE72A832655B5E3005D06E9 /* Fonts.swift in Sources */ = {isa = PBXBuildFile; fileRef = 6E68FB532579FD9B00BA3315 /* Fonts.swift */; };
		DCF3C29E265BDA6A000FE0CB /* LocationService.swift in Sources */ = {isa = PBXBuildFile; fileRef = DCF3C29D265BDA6A000FE0CB /* LocationService.swift */; };
		DCF3C2A0265C4C51000FE0CB /* ViewController.swift in Sources */ = {isa = PBXBuildFile; fileRef = DCF3C29F265C4C51000FE0CB /* ViewController.swift */; };
		DCF3C2A3265C4E3D000FE0CB /* TextViewDelegate.swift in Sources */ = {isa = PBXBuildFile; fileRef = DCF3C2A2265C4E3D000FE0CB /* TextViewDelegate.swift */; };
		DCF3C2A5265C530F000FE0CB /* KeyboardNotification.swift in Sources */ = {isa = PBXBuildFile; fileRef = DCF3C2A4265C530F000FE0CB /* KeyboardNotification.swift */; };
		DCF40028265C8B6600A10B2C /* SpinnerViewController.swift in Sources */ = {isa = PBXBuildFile; fileRef = DCF40027265C8B6600A10B2C /* SpinnerViewController.swift */; };
/* End PBXBuildFile section */

/* Begin PBXContainerItemProxy section */
		ADFBEC29256D4BDC002EAE9D /* PBXContainerItemProxy */ = {
			isa = PBXContainerItemProxy;
			containerPortal = ADFBEC07256D4BDB002EAE9D /* Project object */;
			proxyType = 1;
			remoteGlobalIDString = ADFBEC0E256D4BDB002EAE9D;
			remoteInfo = Prototype;
		};
		ADFBEC34256D4BDC002EAE9D /* PBXContainerItemProxy */ = {
			isa = PBXContainerItemProxy;
			containerPortal = ADFBEC07256D4BDB002EAE9D /* Project object */;
			proxyType = 1;
			remoteGlobalIDString = ADFBEC0E256D4BDB002EAE9D;
			remoteInfo = Prototype;
		};
/* End PBXContainerItemProxy section */

/* Begin PBXFileReference section */
		0ADC97CE740E79CC364E67DF /* Pods-Smiler.debug.xcconfig */ = {isa = PBXFileReference; includeInIndex = 1; lastKnownFileType = text.xcconfig; name = "Pods-Smiler.debug.xcconfig"; path = "Target Support Files/Pods-Smiler/Pods-Smiler.debug.xcconfig"; sourceTree = "<group>"; };
		547D4D456EFBB9EF071372BC /* Pods-Smiler.release.xcconfig */ = {isa = PBXFileReference; includeInIndex = 1; lastKnownFileType = text.xcconfig; name = "Pods-Smiler.release.xcconfig"; path = "Target Support Files/Pods-Smiler/Pods-Smiler.release.xcconfig"; sourceTree = "<group>"; };
		57389DAA267D9022009635AE /* API_Info.plist */ = {isa = PBXFileReference; fileEncoding = 4; lastKnownFileType = text.plist.xml; path = API_Info.plist; sourceTree = "<group>"; };
		57754120266174B800C0DC6B /* AppNavigationBar.swift */ = {isa = PBXFileReference; lastKnownFileType = sourcecode.swift; path = AppNavigationBar.swift; sourceTree = "<group>"; };
		57754138266175A900C0DC6B /* UIWindow.swift */ = {isa = PBXFileReference; lastKnownFileType = sourcecode.swift; path = UIWindow.swift; sourceTree = "<group>"; };
		5775413D266175D100C0DC6B /* UIView.swift */ = {isa = PBXFileReference; lastKnownFileType = sourcecode.swift; path = UIView.swift; sourceTree = "<group>"; };
		577541422661767500C0DC6B /* NatFont.swift */ = {isa = PBXFileReference; lastKnownFileType = sourcecode.swift; path = NatFont.swift; sourceTree = "<group>"; };
		57754147266177FD00C0DC6B /* ContactsManagerTBViewCell.swift */ = {isa = PBXFileReference; lastKnownFileType = sourcecode.swift; path = ContactsManagerTBViewCell.swift; sourceTree = "<group>"; };
		5775414C266178FD00C0DC6B /* FeedbackButton.swift */ = {isa = PBXFileReference; lastKnownFileType = sourcecode.swift; path = FeedbackButton.swift; sourceTree = "<group>"; };
		57EABD33266A86430073A31D /* API_Info.plist */ = {isa = PBXFileReference; fileEncoding = 4; lastKnownFileType = text.plist.xml; name = API_Info.plist; path = ../../../../API_Info.plist; sourceTree = "<group>"; };
		684C921C33DB3AB238EFD38E /* Pods-Smiler-SmilerUITests.debug.xcconfig */ = {isa = PBXFileReference; includeInIndex = 1; lastKnownFileType = text.xcconfig; name = "Pods-Smiler-SmilerUITests.debug.xcconfig"; path = "Target Support Files/Pods-Smiler-SmilerUITests/Pods-Smiler-SmilerUITests.debug.xcconfig"; sourceTree = "<group>"; };
		6E10C7142574538E00A39F3F /* UIButton.swift */ = {isa = PBXFileReference; lastKnownFileType = sourcecode.swift; path = UIButton.swift; sourceTree = "<group>"; };
		6E10C7282575687400A39F3F /* ShakeView.swift */ = {isa = PBXFileReference; fileEncoding = 4; lastKnownFileType = sourcecode.swift; path = ShakeView.swift; sourceTree = "<group>"; };
		6E10C7762579BC5300A39F3F /* String.swift */ = {isa = PBXFileReference; lastKnownFileType = sourcecode.swift; path = String.swift; sourceTree = "<group>"; };
		6E68FB4E2579FD7800BA3315 /* FontsFree-Net-SFProDisplay-Regular.ttf */ = {isa = PBXFileReference; lastKnownFileType = file; path = "FontsFree-Net-SFProDisplay-Regular.ttf"; sourceTree = "<group>"; };
		6E68FB4F2579FD7900BA3315 /* FontsFree-Net-SFCompactText-Bold.ttf */ = {isa = PBXFileReference; lastKnownFileType = file; path = "FontsFree-Net-SFCompactText-Bold.ttf"; sourceTree = "<group>"; };
		6E68FB502579FD7900BA3315 /* FontsFree-Net-SFProDisplay-Semibold.ttf */ = {isa = PBXFileReference; lastKnownFileType = file; path = "FontsFree-Net-SFProDisplay-Semibold.ttf"; sourceTree = "<group>"; };
		6E68FB512579FD7900BA3315 /* FontsFree-Net-SFProDisplay-Bold.ttf */ = {isa = PBXFileReference; lastKnownFileType = file; path = "FontsFree-Net-SFProDisplay-Bold.ttf"; sourceTree = "<group>"; };
		6E68FB522579FD7900BA3315 /* FontsFree-Net-SFCompactText-Regular.ttf */ = {isa = PBXFileReference; lastKnownFileType = file; path = "FontsFree-Net-SFCompactText-Regular.ttf"; sourceTree = "<group>"; };
		6E68FB532579FD9B00BA3315 /* Fonts.swift */ = {isa = PBXFileReference; lastKnownFileType = sourcecode.swift; path = Fonts.swift; sourceTree = "<group>"; };
		A90AE9BB233C6C99853A93C0 /* Pods_Smiler_SmilerTests.framework */ = {isa = PBXFileReference; explicitFileType = wrapper.framework; includeInIndex = 0; path = Pods_Smiler_SmilerTests.framework; sourceTree = BUILT_PRODUCTS_DIR; };
		AD21A10148BE393287CB1383 /* Pods_Smiler_SmilerUITests.framework */ = {isa = PBXFileReference; explicitFileType = wrapper.framework; includeInIndex = 0; path = Pods_Smiler_SmilerUITests.framework; sourceTree = BUILT_PRODUCTS_DIR; };
		AD41F231256D51C300F0E467 /* Coordinator.swift */ = {isa = PBXFileReference; lastKnownFileType = sourcecode.swift; path = Coordinator.swift; sourceTree = "<group>"; };
		AD41F236256D51D000F0E467 /* ViewCodable.swift */ = {isa = PBXFileReference; lastKnownFileType = sourcecode.swift; path = ViewCodable.swift; sourceTree = "<group>"; };
		AD41F23B256D522500F0E467 /* MainCoordinator.swift */ = {isa = PBXFileReference; lastKnownFileType = sourcecode.swift; path = MainCoordinator.swift; sourceTree = "<group>"; };
		ADFBEC0F256D4BDB002EAE9D /* Smiler.app */ = {isa = PBXFileReference; explicitFileType = wrapper.application; includeInIndex = 0; path = Smiler.app; sourceTree = BUILT_PRODUCTS_DIR; };
		ADFBEC12256D4BDB002EAE9D /* AppDelegate.swift */ = {isa = PBXFileReference; lastKnownFileType = sourcecode.swift; path = AppDelegate.swift; sourceTree = "<group>"; };
		ADFBEC14256D4BDB002EAE9D /* SceneDelegate.swift */ = {isa = PBXFileReference; lastKnownFileType = sourcecode.swift; path = SceneDelegate.swift; sourceTree = "<group>"; };
		ADFBEC16256D4BDB002EAE9D /* ShakeViewController.swift */ = {isa = PBXFileReference; lastKnownFileType = sourcecode.swift; path = ShakeViewController.swift; sourceTree = "<group>"; };
		ADFBEC1C256D4BDB002EAE9D /* Prototype.xcdatamodel */ = {isa = PBXFileReference; lastKnownFileType = wrapper.xcdatamodel; path = Prototype.xcdatamodel; sourceTree = "<group>"; };
		ADFBEC1E256D4BDC002EAE9D /* Assets.xcassets */ = {isa = PBXFileReference; lastKnownFileType = folder.assetcatalog; path = Assets.xcassets; sourceTree = "<group>"; };
		ADFBEC21256D4BDC002EAE9D /* Base */ = {isa = PBXFileReference; lastKnownFileType = file.storyboard; name = Base; path = Base.lproj/LaunchScreen.storyboard; sourceTree = "<group>"; };
		ADFBEC23256D4BDC002EAE9D /* Info.plist */ = {isa = PBXFileReference; lastKnownFileType = text.plist.xml; path = Info.plist; sourceTree = "<group>"; };
		ADFBEC28256D4BDC002EAE9D /* SmilerTests.xctest */ = {isa = PBXFileReference; explicitFileType = wrapper.cfbundle; includeInIndex = 0; path = SmilerTests.xctest; sourceTree = BUILT_PRODUCTS_DIR; };
		ADFBEC2C256D4BDC002EAE9D /* PrototypeTests.swift */ = {isa = PBXFileReference; lastKnownFileType = sourcecode.swift; path = PrototypeTests.swift; sourceTree = "<group>"; };
		ADFBEC2E256D4BDC002EAE9D /* Info.plist */ = {isa = PBXFileReference; lastKnownFileType = text.plist.xml; path = Info.plist; sourceTree = "<group>"; };
		ADFBEC33256D4BDC002EAE9D /* SmilerUITests.xctest */ = {isa = PBXFileReference; explicitFileType = wrapper.cfbundle; includeInIndex = 0; path = SmilerUITests.xctest; sourceTree = BUILT_PRODUCTS_DIR; };
		ADFBEC37256D4BDC002EAE9D /* PrototypeUITests.swift */ = {isa = PBXFileReference; lastKnownFileType = sourcecode.swift; path = PrototypeUITests.swift; sourceTree = "<group>"; };
		ADFBEC39256D4BDC002EAE9D /* Info.plist */ = {isa = PBXFileReference; lastKnownFileType = text.plist.xml; path = Info.plist; sourceTree = "<group>"; };
		B67AACFB326B2CE171C30A9E /* Pods-Smiler-SmilerUITests.release.xcconfig */ = {isa = PBXFileReference; includeInIndex = 1; lastKnownFileType = text.xcconfig; name = "Pods-Smiler-SmilerUITests.release.xcconfig"; path = "Target Support Files/Pods-Smiler-SmilerUITests/Pods-Smiler-SmilerUITests.release.xcconfig"; sourceTree = "<group>"; };
		DC02A63426589F7100011760 /* CALayer.swift */ = {isa = PBXFileReference; lastKnownFileType = sourcecode.swift; path = CALayer.swift; sourceTree = "<group>"; };
		DC22DC13265187A400C50AA7 /* ObserverDeleteButton.swift */ = {isa = PBXFileReference; lastKnownFileType = sourcecode.swift; path = ObserverDeleteButton.swift; sourceTree = "<group>"; };
		DC22DC152651B01100C50AA7 /* Alert.swift */ = {isa = PBXFileReference; lastKnownFileType = sourcecode.swift; path = Alert.swift; sourceTree = "<group>"; };
		DC25AAF52670368F00122997 /* PropertiesForSMS.swift */ = {isa = PBXFileReference; lastKnownFileType = sourcecode.swift; path = PropertiesForSMS.swift; sourceTree = "<group>"; };
		DC2F58BD2614FEC7008D12B3 /* MenuViewController.swift */ = {isa = PBXFileReference; lastKnownFileType = sourcecode.swift; path = MenuViewController.swift; sourceTree = "<group>"; };
		DC2F58C52614FEE3008D12B3 /* MenuView.swift */ = {isa = PBXFileReference; lastKnownFileType = sourcecode.swift; path = MenuView.swift; sourceTree = "<group>"; };
		DC4C9AA326633A4B00F44D41 /* ReturnSMS_MessageBird.swift */ = {isa = PBXFileReference; lastKnownFileType = sourcecode.swift; path = ReturnSMS_MessageBird.swift; sourceTree = "<group>"; };
		DC5505272652AFBD00B7EE29 /* PropertiesRequestSMSDev.swift */ = {isa = PBXFileReference; fileEncoding = 4; lastKnownFileType = sourcecode.swift; path = PropertiesRequestSMSDev.swift; sourceTree = "<group>"; };
		DC5505292652AFD200B7EE29 /* ReturnSMS_SMSDev.swift */ = {isa = PBXFileReference; fileEncoding = 4; lastKnownFileType = sourcecode.swift; path = ReturnSMS_SMSDev.swift; sourceTree = "<group>"; };
		DC55052B2652AFDB00B7EE29 /* APIResponse.swift */ = {isa = PBXFileReference; fileEncoding = 4; lastKnownFileType = sourcecode.swift; path = APIResponse.swift; sourceTree = "<group>"; };
		DC55052D2652AFE200B7EE29 /* APIRequest.swift */ = {isa = PBXFileReference; fileEncoding = 4; lastKnownFileType = sourcecode.swift; path = APIRequest.swift; sourceTree = "<group>"; };
		DC55052F2652AFE900B7EE29 /* APIClient.swift */ = {isa = PBXFileReference; fileEncoding = 4; lastKnownFileType = sourcecode.swift; path = APIClient.swift; sourceTree = "<group>"; };
		DC9AC68C266445DD00184CA5 /* PropertiesRequestMessageBird.swift */ = {isa = PBXFileReference; lastKnownFileType = sourcecode.swift; path = PropertiesRequestMessageBird.swift; sourceTree = "<group>"; };
		DC9AFD7F2654670C00EA5B49 /* NotificationService.swift */ = {isa = PBXFileReference; lastKnownFileType = sourcecode.swift; path = NotificationService.swift; sourceTree = "<group>"; };
		DCA809BF26177EBD00AC89FC /* MenuViewViewControllerTestCase.swift */ = {isa = PBXFileReference; lastKnownFileType = sourcecode.swift; path = MenuViewViewControllerTestCase.swift; sourceTree = "<group>"; };
		DCA809CB26178F9300AC89FC /* AlertsManagerViewController.swift */ = {isa = PBXFileReference; lastKnownFileType = sourcecode.swift; path = AlertsManagerViewController.swift; sourceTree = "<group>"; };
		DCA809D326178FAB00AC89FC /* AlertsView.swift */ = {isa = PBXFileReference; lastKnownFileType = sourcecode.swift; path = AlertsView.swift; sourceTree = "<group>"; };
		DCA809E2261793E800AC89FC /* ContactsManagerViewController.swift */ = {isa = PBXFileReference; lastKnownFileType = sourcecode.swift; path = ContactsManagerViewController.swift; sourceTree = "<group>"; };
		DCA809EA261793FA00AC89FC /* ContactsManagerView.swift */ = {isa = PBXFileReference; lastKnownFileType = sourcecode.swift; path = ContactsManagerView.swift; sourceTree = "<group>"; };
		DCA809EF2617C40400AC89FC /* TableHourDelegate.swift */ = {isa = PBXFileReference; lastKnownFileType = sourcecode.swift; path = TableHourDelegate.swift; sourceTree = "<group>"; };
		DCA809F42617C45A00AC89FC /* TableHourDataSource.swift */ = {isa = PBXFileReference; lastKnownFileType = sourcecode.swift; path = TableHourDataSource.swift; sourceTree = "<group>"; };
		DCA809F92617D67400AC89FC /* AlertViewCell.swift */ = {isa = PBXFileReference; lastKnownFileType = sourcecode.swift; path = AlertViewCell.swift; sourceTree = "<group>"; };
		DCCC8871267042BE00B01C87 /* hand_shake.gif */ = {isa = PBXFileReference; lastKnownFileType = image.gif; path = hand_shake.gif; sourceTree = "<group>"; };
		DCCFCF0A265D7375007623AB /* AcessoryViewKeyboard.swift */ = {isa = PBXFileReference; lastKnownFileType = sourcecode.swift; path = AcessoryViewKeyboard.swift; sourceTree = "<group>"; };
		DCDE75D0261A56EA007D1BE4 /* Date.swift */ = {isa = PBXFileReference; lastKnownFileType = sourcecode.swift; path = Date.swift; sourceTree = "<group>"; };
		DCE2A93C2653ED0C007B99B9 /* PersistenceAlerts.swift */ = {isa = PBXFileReference; lastKnownFileType = sourcecode.swift; path = PersistenceAlerts.swift; sourceTree = "<group>"; };
		DCE2A93F2653F4E8007B99B9 /* Persistence.swift */ = {isa = PBXFileReference; lastKnownFileType = sourcecode.swift; path = Persistence.swift; sourceTree = "<group>"; };
		DCE2A9412653FF73007B99B9 /* Results.swift */ = {isa = PBXFileReference; lastKnownFileType = sourcecode.swift; path = Results.swift; sourceTree = "<group>"; };
		DCE72A7F2655B491005D06E9 /* Roboto-Regular.ttf */ = {isa = PBXFileReference; lastKnownFileType = file; path = "Roboto-Regular.ttf"; sourceTree = "<group>"; };
		DCE72A812655B4A1005D06E9 /* Roboto-Bold.ttf */ = {isa = PBXFileReference; lastKnownFileType = file; path = "Roboto-Bold.ttf"; sourceTree = "<group>"; };
		DCF3C29D265BDA6A000FE0CB /* LocationService.swift */ = {isa = PBXFileReference; lastKnownFileType = sourcecode.swift; path = LocationService.swift; sourceTree = "<group>"; };
		DCF3C29F265C4C51000FE0CB /* ViewController.swift */ = {isa = PBXFileReference; lastKnownFileType = sourcecode.swift; path = ViewController.swift; sourceTree = "<group>"; };
		DCF3C2A2265C4E3D000FE0CB /* TextViewDelegate.swift */ = {isa = PBXFileReference; lastKnownFileType = sourcecode.swift; path = TextViewDelegate.swift; sourceTree = "<group>"; };
		DCF3C2A4265C530F000FE0CB /* KeyboardNotification.swift */ = {isa = PBXFileReference; lastKnownFileType = sourcecode.swift; path = KeyboardNotification.swift; sourceTree = "<group>"; };
		DCF40027265C8B6600A10B2C /* SpinnerViewController.swift */ = {isa = PBXFileReference; lastKnownFileType = sourcecode.swift; path = SpinnerViewController.swift; sourceTree = "<group>"; };
		E76AF25E2F5DD3ED28863947 /* Pods-Smiler-SmilerTests.release.xcconfig */ = {isa = PBXFileReference; includeInIndex = 1; lastKnownFileType = text.xcconfig; name = "Pods-Smiler-SmilerTests.release.xcconfig"; path = "Target Support Files/Pods-Smiler-SmilerTests/Pods-Smiler-SmilerTests.release.xcconfig"; sourceTree = "<group>"; };
		EA5D950F0170741E3B235656 /* Pods_Smiler.framework */ = {isa = PBXFileReference; explicitFileType = wrapper.framework; includeInIndex = 0; path = Pods_Smiler.framework; sourceTree = BUILT_PRODUCTS_DIR; };
		FB7FEC73DE562F9237B3F65B /* Pods-Smiler-SmilerTests.debug.xcconfig */ = {isa = PBXFileReference; includeInIndex = 1; lastKnownFileType = text.xcconfig; name = "Pods-Smiler-SmilerTests.debug.xcconfig"; path = "Target Support Files/Pods-Smiler-SmilerTests/Pods-Smiler-SmilerTests.debug.xcconfig"; sourceTree = "<group>"; };
/* End PBXFileReference section */

/* Begin PBXFrameworksBuildPhase section */
		ADFBEC0C256D4BDB002EAE9D /* Frameworks */ = {
			isa = PBXFrameworksBuildPhase;
			buildActionMask = 2147483647;
			files = (
				1E13D0779708772EB4D0E66D /* Pods_Smiler.framework in Frameworks */,
			);
			runOnlyForDeploymentPostprocessing = 0;
		};
		ADFBEC25256D4BDC002EAE9D /* Frameworks */ = {
			isa = PBXFrameworksBuildPhase;
			buildActionMask = 2147483647;
			files = (
				A070C6E48D3C83A564EC6F20 /* Pods_Smiler_SmilerTests.framework in Frameworks */,
			);
			runOnlyForDeploymentPostprocessing = 0;
		};
		ADFBEC30256D4BDC002EAE9D /* Frameworks */ = {
			isa = PBXFrameworksBuildPhase;
			buildActionMask = 2147483647;
			files = (
				4EC82BBDAB11F62A432E64F2 /* Pods_Smiler_SmilerUITests.framework in Frameworks */,
			);
			runOnlyForDeploymentPostprocessing = 0;
		};
/* End PBXFrameworksBuildPhase section */

/* Begin PBXGroup section */
		6E10C7132574538000A39F3F /* Extensions */ = {
			isa = PBXGroup;
			children = (
				6E10C7142574538E00A39F3F /* UIButton.swift */,
				6E10C7762579BC5300A39F3F /* String.swift */,
				DCDE75D0261A56EA007D1BE4 /* Date.swift */,
				DCE2A9412653FF73007B99B9 /* Results.swift */,
				DC02A63426589F7100011760 /* CALayer.swift */,
				DCF3C29F265C4C51000FE0CB /* ViewController.swift */,
				57754138266175A900C0DC6B /* UIWindow.swift */,
				5775413D266175D100C0DC6B /* UIView.swift */,
				577541422661767500C0DC6B /* NatFont.swift */,
			);
			path = Extensions;
			sourceTree = "<group>";
		};
		6E68FB4D2579FD5900BA3315 /* Sources */ = {
			isa = PBXGroup;
			children = (
				DCCC8871267042BE00B01C87 /* hand_shake.gif */,
				DCE72A7F2655B491005D06E9 /* Roboto-Regular.ttf */,
				DCE72A812655B4A1005D06E9 /* Roboto-Bold.ttf */,
				6E68FB4F2579FD7900BA3315 /* FontsFree-Net-SFCompactText-Bold.ttf */,
				6E68FB522579FD7900BA3315 /* FontsFree-Net-SFCompactText-Regular.ttf */,
				6E68FB512579FD7900BA3315 /* FontsFree-Net-SFProDisplay-Bold.ttf */,
				6E68FB4E2579FD7800BA3315 /* FontsFree-Net-SFProDisplay-Regular.ttf */,
				6E68FB502579FD7900BA3315 /* FontsFree-Net-SFProDisplay-Semibold.ttf */,
				6E68FB532579FD9B00BA3315 /* Fonts.swift */,
			);
			path = Sources;
			sourceTree = "<group>";
		};
		AD41F230256D519D00F0E467 /* Utils */ = {
			isa = PBXGroup;
			children = (
				57EABD33266A86430073A31D /* API_Info.plist */,
				DCCFCF0A265D7375007623AB /* AcessoryViewKeyboard.swift */,
				AD41F231256D51C300F0E467 /* Coordinator.swift */,
				AD41F236256D51D000F0E467 /* ViewCodable.swift */,
				AD41F23B256D522500F0E467 /* MainCoordinator.swift */,
				DCF3C2A2265C4E3D000FE0CB /* TextViewDelegate.swift */,
				DCF3C2A4265C530F000FE0CB /* KeyboardNotification.swift */,
				DCF40027265C8B6600A10B2C /* SpinnerViewController.swift */,
				57754120266174B800C0DC6B /* AppNavigationBar.swift */,
				5775414C266178FD00C0DC6B /* FeedbackButton.swift */,
			);
			path = Utils;
			sourceTree = "<group>";
		};
		AD8A2E0D256D4FD700B05AAB /* View */ = {
			isa = PBXGroup;
			children = (
				6E10C7282575687400A39F3F /* ShakeView.swift */,
			);
			path = View;
			sourceTree = "<group>";
		};
		AD8A2E0E256D4FDC00B05AAB /* MenuView */ = {
			isa = PBXGroup;
			children = (
				DC2F58BC2614FEA4008D12B3 /* Controller */,
				DC2F58BB2614FE9E008D12B3 /* View */,
			);
			path = MenuView;
			sourceTree = "<group>";
		};
		AD8A2E19256D500100B05AAB /* AppDelegate */ = {
			isa = PBXGroup;
			children = (
				ADFBEC12256D4BDB002EAE9D /* AppDelegate.swift */,
				ADFBEC14256D4BDB002EAE9D /* SceneDelegate.swift */,
			);
			path = AppDelegate;
			sourceTree = "<group>";
		};
		ADFBEC06256D4BDB002EAE9D = {
			isa = PBXGroup;
			children = (
				ADFBEC11256D4BDB002EAE9D /* Prototype */,
				ADFBEC2B256D4BDC002EAE9D /* PrototypeTests */,
				ADFBEC36256D4BDC002EAE9D /* PrototypeUITests */,
				ADFBEC10256D4BDB002EAE9D /* Products */,
				D1822D66C471D6118D917F69 /* Pods */,
				FF9B25912996E8DCA59781A6 /* Frameworks */,
			);
			sourceTree = "<group>";
		};
		ADFBEC10256D4BDB002EAE9D /* Products */ = {
			isa = PBXGroup;
			children = (
				ADFBEC0F256D4BDB002EAE9D /* Smiler.app */,
				ADFBEC28256D4BDC002EAE9D /* SmilerTests.xctest */,
				ADFBEC33256D4BDC002EAE9D /* SmilerUITests.xctest */,
			);
			name = Products;
			sourceTree = "<group>";
		};
		ADFBEC11256D4BDB002EAE9D /* Prototype */ = {
			isa = PBXGroup;
			children = (
				AD8A2E19256D500100B05AAB /* AppDelegate */,
				DCF3C29C265BDA54000FE0CB /* Location */,
				DC9AFD7E265466DB00EA5B49 /* Notification */,
				DCE2A93E2653F4BE007B99B9 /* Persistence */,
				DC5505222652AF7900B7EE29 /* Network */,
				DCA809DE261793A900AC89FC /* ContactsManager */,
				DCA809C726178F4700AC89FC /* AlertsManager */,
				AD8A2E0E256D4FDC00B05AAB /* MenuView */,
				DC2F58B22614FDBD008D12B3 /* RecognitionView */,
				6E68FB4D2579FD5900BA3315 /* Sources */,
				6E10C7132574538000A39F3F /* Extensions */,
				AD41F230256D519D00F0E467 /* Utils */,
				ADFBEC20256D4BDC002EAE9D /* LaunchScreen.storyboard */,
				ADFBEC1E256D4BDC002EAE9D /* Assets.xcassets */,
				57389DAA267D9022009635AE /* API_Info.plist */,
				ADFBEC23256D4BDC002EAE9D /* Info.plist */,
				ADFBEC1B256D4BDB002EAE9D /* Prototype.xcdatamodeld */,
			);
			path = Prototype;
			sourceTree = "<group>";
		};
		ADFBEC2B256D4BDC002EAE9D /* PrototypeTests */ = {
			isa = PBXGroup;
			children = (
				DCA809A426176BFF00AC89FC /* MenuView */,
				ADFBEC2C256D4BDC002EAE9D /* PrototypeTests.swift */,
				ADFBEC2E256D4BDC002EAE9D /* Info.plist */,
			);
			path = PrototypeTests;
			sourceTree = "<group>";
		};
		ADFBEC36256D4BDC002EAE9D /* PrototypeUITests */ = {
			isa = PBXGroup;
			children = (
				ADFBEC37256D4BDC002EAE9D /* PrototypeUITests.swift */,
				ADFBEC39256D4BDC002EAE9D /* Info.plist */,
			);
			path = PrototypeUITests;
			sourceTree = "<group>";
		};
		D1822D66C471D6118D917F69 /* Pods */ = {
			isa = PBXGroup;
			children = (
				0ADC97CE740E79CC364E67DF /* Pods-Smiler.debug.xcconfig */,
				547D4D456EFBB9EF071372BC /* Pods-Smiler.release.xcconfig */,
				FB7FEC73DE562F9237B3F65B /* Pods-Smiler-SmilerTests.debug.xcconfig */,
				E76AF25E2F5DD3ED28863947 /* Pods-Smiler-SmilerTests.release.xcconfig */,
				684C921C33DB3AB238EFD38E /* Pods-Smiler-SmilerUITests.debug.xcconfig */,
				B67AACFB326B2CE171C30A9E /* Pods-Smiler-SmilerUITests.release.xcconfig */,
			);
			path = Pods;
			sourceTree = "<group>";
		};
		DC22DC122651878F00C50AA7 /* Model */ = {
			isa = PBXGroup;
			children = (
				DC22DC13265187A400C50AA7 /* ObserverDeleteButton.swift */,
				DC22DC152651B01100C50AA7 /* Alert.swift */,
			);
			path = Model;
			sourceTree = "<group>";
		};
		DC25AAF7267036AD00122997 /* Properties */ = {
			isa = PBXGroup;
			children = (
				DC25AAF52670368F00122997 /* PropertiesForSMS.swift */,
				DC5505272652AFBD00B7EE29 /* PropertiesRequestSMSDev.swift */,
				DC9AC68C266445DD00184CA5 /* PropertiesRequestMessageBird.swift */,
			);
			path = Properties;
			sourceTree = "<group>";
		};
		DC2F58B22614FDBD008D12B3 /* RecognitionView */ = {
			isa = PBXGroup;
			children = (
				DC2F58B92614FE89008D12B3 /* Controller */,
				AD8A2E0D256D4FD700B05AAB /* View */,
			);
			path = RecognitionView;
			sourceTree = "<group>";
		};
		DC2F58B92614FE89008D12B3 /* Controller */ = {
			isa = PBXGroup;
			children = (
				ADFBEC16256D4BDB002EAE9D /* ShakeViewController.swift */,
			);
			path = Controller;
			sourceTree = "<group>";
		};
		DC2F58BB2614FE9E008D12B3 /* View */ = {
			isa = PBXGroup;
			children = (
				DC2F58C52614FEE3008D12B3 /* MenuView.swift */,
			);
			path = View;
			sourceTree = "<group>";
		};
		DC2F58BC2614FEA4008D12B3 /* Controller */ = {
			isa = PBXGroup;
			children = (
				DC2F58BD2614FEC7008D12B3 /* MenuViewController.swift */,
			);
			path = Controller;
			sourceTree = "<group>";
		};
		DC5505222652AF7900B7EE29 /* Network */ = {
			isa = PBXGroup;
			children = (
				DC25AAF7267036AD00122997 /* Properties */,
				DC5505262652AFA000B7EE29 /* Codable */,
				DC5505252652AF9800B7EE29 /* APIResponse */,
				DC5505242652AF9000B7EE29 /* APIRequest */,
				DC5505232652AF8700B7EE29 /* APIClient */,
			);
			path = Network;
			sourceTree = "<group>";
		};
		DC5505232652AF8700B7EE29 /* APIClient */ = {
			isa = PBXGroup;
			children = (
				DC55052F2652AFE900B7EE29 /* APIClient.swift */,
			);
			path = APIClient;
			sourceTree = "<group>";
		};
		DC5505242652AF9000B7EE29 /* APIRequest */ = {
			isa = PBXGroup;
			children = (
				DC55052D2652AFE200B7EE29 /* APIRequest.swift */,
			);
			path = APIRequest;
			sourceTree = "<group>";
		};
		DC5505252652AF9800B7EE29 /* APIResponse */ = {
			isa = PBXGroup;
			children = (
				DC55052B2652AFDB00B7EE29 /* APIResponse.swift */,
			);
			path = APIResponse;
			sourceTree = "<group>";
		};
		DC5505262652AFA000B7EE29 /* Codable */ = {
			isa = PBXGroup;
			children = (
				DC5505292652AFD200B7EE29 /* ReturnSMS_SMSDev.swift */,
				DC4C9AA326633A4B00F44D41 /* ReturnSMS_MessageBird.swift */,
			);
			path = Codable;
			sourceTree = "<group>";
		};
		DC9AFD7E265466DB00EA5B49 /* Notification */ = {
			isa = PBXGroup;
			children = (
				DC9AFD7F2654670C00EA5B49 /* NotificationService.swift */,
			);
			path = Notification;
			sourceTree = "<group>";
		};
		DCA809A426176BFF00AC89FC /* MenuView */ = {
			isa = PBXGroup;
			children = (
				DCA809BF26177EBD00AC89FC /* MenuViewViewControllerTestCase.swift */,
			);
			path = MenuView;
			sourceTree = "<group>";
		};
		DCA809C726178F4700AC89FC /* AlertsManager */ = {
			isa = PBXGroup;
			children = (
				DC22DC122651878F00C50AA7 /* Model */,
				DCA809C826178F5B00AC89FC /* Controller */,
				DCA809C926178F6200AC89FC /* View */,
			);
			path = AlertsManager;
			sourceTree = "<group>";
		};
		DCA809C826178F5B00AC89FC /* Controller */ = {
			isa = PBXGroup;
			children = (
				DCA809CB26178F9300AC89FC /* AlertsManagerViewController.swift */,
			);
			path = Controller;
			sourceTree = "<group>";
		};
		DCA809C926178F6200AC89FC /* View */ = {
			isa = PBXGroup;
			children = (
				DCA809D326178FAB00AC89FC /* AlertsView.swift */,
				DCA809EF2617C40400AC89FC /* TableHourDelegate.swift */,
				DCA809F42617C45A00AC89FC /* TableHourDataSource.swift */,
				DCA809F92617D67400AC89FC /* AlertViewCell.swift */,
			);
			path = View;
			sourceTree = "<group>";
		};
		DCA809DE261793A900AC89FC /* ContactsManager */ = {
			isa = PBXGroup;
			children = (
				DCA809DF261793B700AC89FC /* Controller */,
				DCA809E0261793BF00AC89FC /* View */,
			);
			path = ContactsManager;
			sourceTree = "<group>";
		};
		DCA809DF261793B700AC89FC /* Controller */ = {
			isa = PBXGroup;
			children = (
				DCA809E2261793E800AC89FC /* ContactsManagerViewController.swift */,
			);
			path = Controller;
			sourceTree = "<group>";
		};
		DCA809E0261793BF00AC89FC /* View */ = {
			isa = PBXGroup;
			children = (
				DCA809EA261793FA00AC89FC /* ContactsManagerView.swift */,
				57754147266177FD00C0DC6B /* ContactsManagerTBViewCell.swift */,
			);
			path = View;
			sourceTree = "<group>";
		};
		DCE2A93E2653F4BE007B99B9 /* Persistence */ = {
			isa = PBXGroup;
			children = (
				DCE2A93F2653F4E8007B99B9 /* Persistence.swift */,
				DCE2A93C2653ED0C007B99B9 /* PersistenceAlerts.swift */,
			);
			path = Persistence;
			sourceTree = "<group>";
		};
		DCF3C29C265BDA54000FE0CB /* Location */ = {
			isa = PBXGroup;
			children = (
				DCF3C29D265BDA6A000FE0CB /* LocationService.swift */,
			);
			path = Location;
			sourceTree = "<group>";
		};
		FF9B25912996E8DCA59781A6 /* Frameworks */ = {
			isa = PBXGroup;
			children = (
				EA5D950F0170741E3B235656 /* Pods_Smiler.framework */,
				A90AE9BB233C6C99853A93C0 /* Pods_Smiler_SmilerTests.framework */,
				AD21A10148BE393287CB1383 /* Pods_Smiler_SmilerUITests.framework */,
			);
			name = Frameworks;
			sourceTree = "<group>";
		};
/* End PBXGroup section */

/* Begin PBXNativeTarget section */
		ADFBEC0E256D4BDB002EAE9D /* Smiler */ = {
			isa = PBXNativeTarget;
			buildConfigurationList = ADFBEC3C256D4BDC002EAE9D /* Build configuration list for PBXNativeTarget "Smiler" */;
			buildPhases = (
				213C4D440FA8F2C6498B7DF5 /* [CP] Check Pods Manifest.lock */,
				ADFBEC0B256D4BDB002EAE9D /* Sources */,
				ADFBEC0C256D4BDB002EAE9D /* Frameworks */,
				ADFBEC0D256D4BDB002EAE9D /* Resources */,
				FF831693D9CBB5AB14BAED84 /* [CP] Embed Pods Frameworks */,
			);
			buildRules = (
			);
			dependencies = (
			);
			name = Smiler;
			productName = Prototype;
			productReference = ADFBEC0F256D4BDB002EAE9D /* Smiler.app */;
			productType = "com.apple.product-type.application";
		};
		ADFBEC27256D4BDC002EAE9D /* SmilerTests */ = {
			isa = PBXNativeTarget;
			buildConfigurationList = ADFBEC3F256D4BDC002EAE9D /* Build configuration list for PBXNativeTarget "SmilerTests" */;
			buildPhases = (
				9075950EC3CB346C2668B121 /* [CP] Check Pods Manifest.lock */,
				ADFBEC24256D4BDC002EAE9D /* Sources */,
				ADFBEC25256D4BDC002EAE9D /* Frameworks */,
				ADFBEC26256D4BDC002EAE9D /* Resources */,
				54663FF97F9EF4292ACFA952 /* [CP] Embed Pods Frameworks */,
			);
			buildRules = (
			);
			dependencies = (
				ADFBEC2A256D4BDC002EAE9D /* PBXTargetDependency */,
			);
			name = SmilerTests;
			productName = PrototypeTests;
			productReference = ADFBEC28256D4BDC002EAE9D /* SmilerTests.xctest */;
			productType = "com.apple.product-type.bundle.unit-test";
		};
		ADFBEC32256D4BDC002EAE9D /* SmilerUITests */ = {
			isa = PBXNativeTarget;
			buildConfigurationList = ADFBEC42256D4BDC002EAE9D /* Build configuration list for PBXNativeTarget "SmilerUITests" */;
			buildPhases = (
				AC5E7DA3CC1C044C2121A49A /* [CP] Check Pods Manifest.lock */,
				ADFBEC2F256D4BDC002EAE9D /* Sources */,
				ADFBEC30256D4BDC002EAE9D /* Frameworks */,
				ADFBEC31256D4BDC002EAE9D /* Resources */,
				EEBB2CC1288D04D0716A7124 /* [CP] Embed Pods Frameworks */,
			);
			buildRules = (
			);
			dependencies = (
				ADFBEC35256D4BDC002EAE9D /* PBXTargetDependency */,
			);
			name = SmilerUITests;
			productName = PrototypeUITests;
			productReference = ADFBEC33256D4BDC002EAE9D /* SmilerUITests.xctest */;
			productType = "com.apple.product-type.bundle.ui-testing";
		};
/* End PBXNativeTarget section */

/* Begin PBXProject section */
		ADFBEC07256D4BDB002EAE9D /* Project object */ = {
			isa = PBXProject;
			attributes = {
				LastSwiftUpdateCheck = 1220;
				LastUpgradeCheck = 1220;
				TargetAttributes = {
					ADFBEC0E256D4BDB002EAE9D = {
						CreatedOnToolsVersion = 12.2;
					};
					ADFBEC27256D4BDC002EAE9D = {
						CreatedOnToolsVersion = 12.2;
						TestTargetID = ADFBEC0E256D4BDB002EAE9D;
					};
					ADFBEC32256D4BDC002EAE9D = {
						CreatedOnToolsVersion = 12.2;
						TestTargetID = ADFBEC0E256D4BDB002EAE9D;
					};
				};
			};
			buildConfigurationList = ADFBEC0A256D4BDB002EAE9D /* Build configuration list for PBXProject "Smiler" */;
			compatibilityVersion = "Xcode 9.3";
			developmentRegion = en;
			hasScannedForEncodings = 0;
			knownRegions = (
				en,
				Base,
			);
			mainGroup = ADFBEC06256D4BDB002EAE9D;
			productRefGroup = ADFBEC10256D4BDB002EAE9D /* Products */;
			projectDirPath = "";
			projectRoot = "";
			targets = (
				ADFBEC0E256D4BDB002EAE9D /* Smiler */,
				ADFBEC27256D4BDC002EAE9D /* SmilerTests */,
				ADFBEC32256D4BDC002EAE9D /* SmilerUITests */,
			);
		};
/* End PBXProject section */

/* Begin PBXResourcesBuildPhase section */
		ADFBEC0D256D4BDB002EAE9D /* Resources */ = {
			isa = PBXResourcesBuildPhase;
			buildActionMask = 2147483647;
			files = (
				ADFBEC22256D4BDC002EAE9D /* LaunchScreen.storyboard in Resources */,
				57389DAB267D9022009635AE /* API_Info.plist in Resources */,
				DCCC8872267042BE00B01C87 /* hand_shake.gif in Resources */,
				DCE72A822655B4A1005D06E9 /* Roboto-Bold.ttf in Resources */,
				DCE72A802655B491005D06E9 /* Roboto-Regular.ttf in Resources */,
				ADFBEC1F256D4BDC002EAE9D /* Assets.xcassets in Resources */,
			);
			runOnlyForDeploymentPostprocessing = 0;
		};
		ADFBEC26256D4BDC002EAE9D /* Resources */ = {
			isa = PBXResourcesBuildPhase;
			buildActionMask = 2147483647;
			files = (
			);
			runOnlyForDeploymentPostprocessing = 0;
		};
		ADFBEC31256D4BDC002EAE9D /* Resources */ = {
			isa = PBXResourcesBuildPhase;
			buildActionMask = 2147483647;
			files = (
			);
			runOnlyForDeploymentPostprocessing = 0;
		};
/* End PBXResourcesBuildPhase section */

/* Begin PBXShellScriptBuildPhase section */
		213C4D440FA8F2C6498B7DF5 /* [CP] Check Pods Manifest.lock */ = {
			isa = PBXShellScriptBuildPhase;
			buildActionMask = 2147483647;
			files = (
			);
			inputFileListPaths = (
			);
			inputPaths = (
				"${PODS_PODFILE_DIR_PATH}/Podfile.lock",
				"${PODS_ROOT}/Manifest.lock",
			);
			name = "[CP] Check Pods Manifest.lock";
			outputFileListPaths = (
			);
			outputPaths = (
				"$(DERIVED_FILE_DIR)/Pods-Smiler-checkManifestLockResult.txt",
			);
			runOnlyForDeploymentPostprocessing = 0;
			shellPath = /bin/sh;
			shellScript = "diff \"${PODS_PODFILE_DIR_PATH}/Podfile.lock\" \"${PODS_ROOT}/Manifest.lock\" > /dev/null\nif [ $? != 0 ] ; then\n    # print error to STDERR\n    echo \"error: The sandbox is not in sync with the Podfile.lock. Run 'pod install' or update your CocoaPods installation.\" >&2\n    exit 1\nfi\n# This output is used by Xcode 'outputs' to avoid re-running this script phase.\necho \"SUCCESS\" > \"${SCRIPT_OUTPUT_FILE_0}\"\n";
			showEnvVarsInLog = 0;
		};
		54663FF97F9EF4292ACFA952 /* [CP] Embed Pods Frameworks */ = {
			isa = PBXShellScriptBuildPhase;
			buildActionMask = 2147483647;
			files = (
			);
			inputFileListPaths = (
				"${PODS_ROOT}/Target Support Files/Pods-Smiler-SmilerTests/Pods-Smiler-SmilerTests-frameworks-${CONFIGURATION}-input-files.xcfilelist",
			);
			name = "[CP] Embed Pods Frameworks";
			outputFileListPaths = (
				"${PODS_ROOT}/Target Support Files/Pods-Smiler-SmilerTests/Pods-Smiler-SmilerTests-frameworks-${CONFIGURATION}-output-files.xcfilelist",
			);
			runOnlyForDeploymentPostprocessing = 0;
			shellPath = /bin/sh;
			shellScript = "\"${PODS_ROOT}/Target Support Files/Pods-Smiler-SmilerTests/Pods-Smiler-SmilerTests-frameworks.sh\"\n";
			showEnvVarsInLog = 0;
		};
		9075950EC3CB346C2668B121 /* [CP] Check Pods Manifest.lock */ = {
			isa = PBXShellScriptBuildPhase;
			buildActionMask = 2147483647;
			files = (
			);
			inputFileListPaths = (
			);
			inputPaths = (
				"${PODS_PODFILE_DIR_PATH}/Podfile.lock",
				"${PODS_ROOT}/Manifest.lock",
			);
			name = "[CP] Check Pods Manifest.lock";
			outputFileListPaths = (
			);
			outputPaths = (
				"$(DERIVED_FILE_DIR)/Pods-Smiler-SmilerTests-checkManifestLockResult.txt",
			);
			runOnlyForDeploymentPostprocessing = 0;
			shellPath = /bin/sh;
			shellScript = "diff \"${PODS_PODFILE_DIR_PATH}/Podfile.lock\" \"${PODS_ROOT}/Manifest.lock\" > /dev/null\nif [ $? != 0 ] ; then\n    # print error to STDERR\n    echo \"error: The sandbox is not in sync with the Podfile.lock. Run 'pod install' or update your CocoaPods installation.\" >&2\n    exit 1\nfi\n# This output is used by Xcode 'outputs' to avoid re-running this script phase.\necho \"SUCCESS\" > \"${SCRIPT_OUTPUT_FILE_0}\"\n";
			showEnvVarsInLog = 0;
		};
		AC5E7DA3CC1C044C2121A49A /* [CP] Check Pods Manifest.lock */ = {
			isa = PBXShellScriptBuildPhase;
			buildActionMask = 2147483647;
			files = (
			);
			inputFileListPaths = (
			);
			inputPaths = (
				"${PODS_PODFILE_DIR_PATH}/Podfile.lock",
				"${PODS_ROOT}/Manifest.lock",
			);
			name = "[CP] Check Pods Manifest.lock";
			outputFileListPaths = (
			);
			outputPaths = (
				"$(DERIVED_FILE_DIR)/Pods-Smiler-SmilerUITests-checkManifestLockResult.txt",
			);
			runOnlyForDeploymentPostprocessing = 0;
			shellPath = /bin/sh;
			shellScript = "diff \"${PODS_PODFILE_DIR_PATH}/Podfile.lock\" \"${PODS_ROOT}/Manifest.lock\" > /dev/null\nif [ $? != 0 ] ; then\n    # print error to STDERR\n    echo \"error: The sandbox is not in sync with the Podfile.lock. Run 'pod install' or update your CocoaPods installation.\" >&2\n    exit 1\nfi\n# This output is used by Xcode 'outputs' to avoid re-running this script phase.\necho \"SUCCESS\" > \"${SCRIPT_OUTPUT_FILE_0}\"\n";
			showEnvVarsInLog = 0;
		};
		EEBB2CC1288D04D0716A7124 /* [CP] Embed Pods Frameworks */ = {
			isa = PBXShellScriptBuildPhase;
			buildActionMask = 2147483647;
			files = (
			);
			inputFileListPaths = (
				"${PODS_ROOT}/Target Support Files/Pods-Smiler-SmilerUITests/Pods-Smiler-SmilerUITests-frameworks-${CONFIGURATION}-input-files.xcfilelist",
			);
			name = "[CP] Embed Pods Frameworks";
			outputFileListPaths = (
				"${PODS_ROOT}/Target Support Files/Pods-Smiler-SmilerUITests/Pods-Smiler-SmilerUITests-frameworks-${CONFIGURATION}-output-files.xcfilelist",
			);
			runOnlyForDeploymentPostprocessing = 0;
			shellPath = /bin/sh;
			shellScript = "\"${PODS_ROOT}/Target Support Files/Pods-Smiler-SmilerUITests/Pods-Smiler-SmilerUITests-frameworks.sh\"\n";
			showEnvVarsInLog = 0;
		};
		FF831693D9CBB5AB14BAED84 /* [CP] Embed Pods Frameworks */ = {
			isa = PBXShellScriptBuildPhase;
			buildActionMask = 2147483647;
			files = (
			);
			inputFileListPaths = (
				"${PODS_ROOT}/Target Support Files/Pods-Smiler/Pods-Smiler-frameworks-${CONFIGURATION}-input-files.xcfilelist",
			);
			name = "[CP] Embed Pods Frameworks";
			outputFileListPaths = (
				"${PODS_ROOT}/Target Support Files/Pods-Smiler/Pods-Smiler-frameworks-${CONFIGURATION}-output-files.xcfilelist",
			);
			runOnlyForDeploymentPostprocessing = 0;
			shellPath = /bin/sh;
			shellScript = "\"${PODS_ROOT}/Target Support Files/Pods-Smiler/Pods-Smiler-frameworks.sh\"\n";
			showEnvVarsInLog = 0;
		};
/* End PBXShellScriptBuildPhase section */

/* Begin PBXSourcesBuildPhase section */
		ADFBEC0B256D4BDB002EAE9D /* Sources */ = {
			isa = PBXSourcesBuildPhase;
			buildActionMask = 2147483647;
			files = (
				DCA809F52617C45A00AC89FC /* TableHourDataSource.swift in Sources */,
				6E10C7772579BC5300A39F3F /* String.swift in Sources */,
				DC55052E2652AFE200B7EE29 /* APIRequest.swift in Sources */,
				DCA809D426178FAB00AC89FC /* AlertsView.swift in Sources */,
				DC02A63526589F7100011760 /* CALayer.swift in Sources */,
				DC2F58BE2614FEC7008D12B3 /* MenuViewController.swift in Sources */,
				DCA809E3261793E800AC89FC /* ContactsManagerViewController.swift in Sources */,
				DCF3C2A5265C530F000FE0CB /* KeyboardNotification.swift in Sources */,
				6E10C7292575687400A39F3F /* ShakeView.swift in Sources */,
				DC4C9AA426633A4B00F44D41 /* ReturnSMS_MessageBird.swift in Sources */,
				DC9AFD802654670C00EA5B49 /* NotificationService.swift in Sources */,
				DC22DC14265187A400C50AA7 /* ObserverDeleteButton.swift in Sources */,
				DC22DC162651B01100C50AA7 /* Alert.swift in Sources */,
				ADFBEC1D256D4BDB002EAE9D /* Prototype.xcdatamodeld in Sources */,
				DCF40028265C8B6600A10B2C /* SpinnerViewController.swift in Sources */,
				DCE2A93D2653ED0C007B99B9 /* PersistenceAlerts.swift in Sources */,
				AD41F237256D51D000F0E467 /* ViewCodable.swift in Sources */,
				ADFBEC17256D4BDB002EAE9D /* ShakeViewController.swift in Sources */,
				57754121266174B800C0DC6B /* AppNavigationBar.swift in Sources */,
				5775414D266178FD00C0DC6B /* FeedbackButton.swift in Sources */,
				DC2F58C62614FEE3008D12B3 /* MenuView.swift in Sources */,
				DCCFCF0B265D7375007623AB /* AcessoryViewKeyboard.swift in Sources */,
				ADFBEC13256D4BDB002EAE9D /* AppDelegate.swift in Sources */,
				57754139266175A900C0DC6B /* UIWindow.swift in Sources */,
				DCF3C2A0265C4C51000FE0CB /* ViewController.swift in Sources */,
				DCF3C2A3265C4E3D000FE0CB /* TextViewDelegate.swift in Sources */,
				DCA809EB261793FA00AC89FC /* ContactsManagerView.swift in Sources */,
				ADFBEC15256D4BDB002EAE9D /* SceneDelegate.swift in Sources */,
				DCA809FA2617D67400AC89FC /* AlertViewCell.swift in Sources */,
				DCE72A832655B5E3005D06E9 /* Fonts.swift in Sources */,
				57754148266177FD00C0DC6B /* ContactsManagerTBViewCell.swift in Sources */,
				DCA809CC26178F9300AC89FC /* AlertsManagerViewController.swift in Sources */,
				DCDE75D1261A56EA007D1BE4 /* Date.swift in Sources */,
				AD41F23C256D522500F0E467 /* MainCoordinator.swift in Sources */,
				DCA809F02617C40400AC89FC /* TableHourDelegate.swift in Sources */,
				DC5505282652AFBD00B7EE29 /* PropertiesRequestSMSDev.swift in Sources */,
				DC9AC68D266445DD00184CA5 /* PropertiesRequestMessageBird.swift in Sources */,
				DC55052A2652AFD200B7EE29 /* ReturnSMS_SMSDev.swift in Sources */,
				577541432661767500C0DC6B /* NatFont.swift in Sources */,
				DCE2A9422653FF73007B99B9 /* Results.swift in Sources */,
				DC25AAF62670368F00122997 /* PropertiesForSMS.swift in Sources */,
				5775413E266175D100C0DC6B /* UIView.swift in Sources */,
				AD41F232256D51C300F0E467 /* Coordinator.swift in Sources */,
				DC55052C2652AFDB00B7EE29 /* APIResponse.swift in Sources */,
				6E10C7152574538E00A39F3F /* UIButton.swift in Sources */,
				DC5505302652AFE900B7EE29 /* APIClient.swift in Sources */,
				DCF3C29E265BDA6A000FE0CB /* LocationService.swift in Sources */,
				DCE2A9402653F4E8007B99B9 /* Persistence.swift in Sources */,
			);
			runOnlyForDeploymentPostprocessing = 0;
		};
		ADFBEC24256D4BDC002EAE9D /* Sources */ = {
			isa = PBXSourcesBuildPhase;
			buildActionMask = 2147483647;
			files = (
				DCA809C026177EBD00AC89FC /* MenuViewViewControllerTestCase.swift in Sources */,
				ADFBEC2D256D4BDC002EAE9D /* PrototypeTests.swift in Sources */,
			);
			runOnlyForDeploymentPostprocessing = 0;
		};
		ADFBEC2F256D4BDC002EAE9D /* Sources */ = {
			isa = PBXSourcesBuildPhase;
			buildActionMask = 2147483647;
			files = (
				ADFBEC38256D4BDC002EAE9D /* PrototypeUITests.swift in Sources */,
			);
			runOnlyForDeploymentPostprocessing = 0;
		};
/* End PBXSourcesBuildPhase section */

/* Begin PBXTargetDependency section */
		ADFBEC2A256D4BDC002EAE9D /* PBXTargetDependency */ = {
			isa = PBXTargetDependency;
			target = ADFBEC0E256D4BDB002EAE9D /* Smiler */;
			targetProxy = ADFBEC29256D4BDC002EAE9D /* PBXContainerItemProxy */;
		};
		ADFBEC35256D4BDC002EAE9D /* PBXTargetDependency */ = {
			isa = PBXTargetDependency;
			target = ADFBEC0E256D4BDB002EAE9D /* Smiler */;
			targetProxy = ADFBEC34256D4BDC002EAE9D /* PBXContainerItemProxy */;
		};
/* End PBXTargetDependency section */

/* Begin PBXVariantGroup section */
		ADFBEC20256D4BDC002EAE9D /* LaunchScreen.storyboard */ = {
			isa = PBXVariantGroup;
			children = (
				ADFBEC21256D4BDC002EAE9D /* Base */,
			);
			name = LaunchScreen.storyboard;
			sourceTree = "<group>";
		};
/* End PBXVariantGroup section */

/* Begin XCBuildConfiguration section */
		ADFBEC3A256D4BDC002EAE9D /* Debug */ = {
			isa = XCBuildConfiguration;
			buildSettings = {
				ALWAYS_SEARCH_USER_PATHS = NO;
				CLANG_ANALYZER_NONNULL = YES;
				CLANG_ANALYZER_NUMBER_OBJECT_CONVERSION = YES_AGGRESSIVE;
				CLANG_CXX_LANGUAGE_STANDARD = "gnu++14";
				CLANG_CXX_LIBRARY = "libc++";
				CLANG_ENABLE_MODULES = YES;
				CLANG_ENABLE_OBJC_ARC = YES;
				CLANG_ENABLE_OBJC_WEAK = YES;
				CLANG_WARN_BLOCK_CAPTURE_AUTORELEASING = YES;
				CLANG_WARN_BOOL_CONVERSION = YES;
				CLANG_WARN_COMMA = YES;
				CLANG_WARN_CONSTANT_CONVERSION = YES;
				CLANG_WARN_DEPRECATED_OBJC_IMPLEMENTATIONS = YES;
				CLANG_WARN_DIRECT_OBJC_ISA_USAGE = YES_ERROR;
				CLANG_WARN_DOCUMENTATION_COMMENTS = YES;
				CLANG_WARN_EMPTY_BODY = YES;
				CLANG_WARN_ENUM_CONVERSION = YES;
				CLANG_WARN_INFINITE_RECURSION = YES;
				CLANG_WARN_INT_CONVERSION = YES;
				CLANG_WARN_NON_LITERAL_NULL_CONVERSION = YES;
				CLANG_WARN_OBJC_IMPLICIT_RETAIN_SELF = YES;
				CLANG_WARN_OBJC_LITERAL_CONVERSION = YES;
				CLANG_WARN_OBJC_ROOT_CLASS = YES_ERROR;
				CLANG_WARN_QUOTED_INCLUDE_IN_FRAMEWORK_HEADER = YES;
				CLANG_WARN_RANGE_LOOP_ANALYSIS = YES;
				CLANG_WARN_STRICT_PROTOTYPES = YES;
				CLANG_WARN_SUSPICIOUS_MOVE = YES;
				CLANG_WARN_UNGUARDED_AVAILABILITY = YES_AGGRESSIVE;
				CLANG_WARN_UNREACHABLE_CODE = YES;
				CLANG_WARN__DUPLICATE_METHOD_MATCH = YES;
				COPY_PHASE_STRIP = NO;
				DEBUG_INFORMATION_FORMAT = dwarf;
				ENABLE_STRICT_OBJC_MSGSEND = YES;
				ENABLE_TESTABILITY = YES;
				GCC_C_LANGUAGE_STANDARD = gnu11;
				GCC_DYNAMIC_NO_PIC = NO;
				GCC_NO_COMMON_BLOCKS = YES;
				GCC_OPTIMIZATION_LEVEL = 0;
				GCC_PREPROCESSOR_DEFINITIONS = (
					"DEBUG=1",
					"$(inherited)",
				);
				GCC_WARN_64_TO_32_BIT_CONVERSION = YES;
				GCC_WARN_ABOUT_RETURN_TYPE = YES_ERROR;
				GCC_WARN_UNDECLARED_SELECTOR = YES;
				GCC_WARN_UNINITIALIZED_AUTOS = YES_AGGRESSIVE;
				GCC_WARN_UNUSED_FUNCTION = YES;
				GCC_WARN_UNUSED_VARIABLE = YES;
				IPHONEOS_DEPLOYMENT_TARGET = 14.2;
				MTL_ENABLE_DEBUG_INFO = INCLUDE_SOURCE;
				MTL_FAST_MATH = YES;
				ONLY_ACTIVE_ARCH = YES;
				SDKROOT = iphoneos;
				SWIFT_ACTIVE_COMPILATION_CONDITIONS = DEBUG;
				SWIFT_OPTIMIZATION_LEVEL = "-Onone";
			};
			name = Debug;
		};
		ADFBEC3B256D4BDC002EAE9D /* Release */ = {
			isa = XCBuildConfiguration;
			buildSettings = {
				ALWAYS_SEARCH_USER_PATHS = NO;
				CLANG_ANALYZER_NONNULL = YES;
				CLANG_ANALYZER_NUMBER_OBJECT_CONVERSION = YES_AGGRESSIVE;
				CLANG_CXX_LANGUAGE_STANDARD = "gnu++14";
				CLANG_CXX_LIBRARY = "libc++";
				CLANG_ENABLE_MODULES = YES;
				CLANG_ENABLE_OBJC_ARC = YES;
				CLANG_ENABLE_OBJC_WEAK = YES;
				CLANG_WARN_BLOCK_CAPTURE_AUTORELEASING = YES;
				CLANG_WARN_BOOL_CONVERSION = YES;
				CLANG_WARN_COMMA = YES;
				CLANG_WARN_CONSTANT_CONVERSION = YES;
				CLANG_WARN_DEPRECATED_OBJC_IMPLEMENTATIONS = YES;
				CLANG_WARN_DIRECT_OBJC_ISA_USAGE = YES_ERROR;
				CLANG_WARN_DOCUMENTATION_COMMENTS = YES;
				CLANG_WARN_EMPTY_BODY = YES;
				CLANG_WARN_ENUM_CONVERSION = YES;
				CLANG_WARN_INFINITE_RECURSION = YES;
				CLANG_WARN_INT_CONVERSION = YES;
				CLANG_WARN_NON_LITERAL_NULL_CONVERSION = YES;
				CLANG_WARN_OBJC_IMPLICIT_RETAIN_SELF = YES;
				CLANG_WARN_OBJC_LITERAL_CONVERSION = YES;
				CLANG_WARN_OBJC_ROOT_CLASS = YES_ERROR;
				CLANG_WARN_QUOTED_INCLUDE_IN_FRAMEWORK_HEADER = YES;
				CLANG_WARN_RANGE_LOOP_ANALYSIS = YES;
				CLANG_WARN_STRICT_PROTOTYPES = YES;
				CLANG_WARN_SUSPICIOUS_MOVE = YES;
				CLANG_WARN_UNGUARDED_AVAILABILITY = YES_AGGRESSIVE;
				CLANG_WARN_UNREACHABLE_CODE = YES;
				CLANG_WARN__DUPLICATE_METHOD_MATCH = YES;
				COPY_PHASE_STRIP = NO;
				DEBUG_INFORMATION_FORMAT = "dwarf-with-dsym";
				ENABLE_NS_ASSERTIONS = NO;
				ENABLE_STRICT_OBJC_MSGSEND = YES;
				GCC_C_LANGUAGE_STANDARD = gnu11;
				GCC_NO_COMMON_BLOCKS = YES;
				GCC_WARN_64_TO_32_BIT_CONVERSION = YES;
				GCC_WARN_ABOUT_RETURN_TYPE = YES_ERROR;
				GCC_WARN_UNDECLARED_SELECTOR = YES;
				GCC_WARN_UNINITIALIZED_AUTOS = YES_AGGRESSIVE;
				GCC_WARN_UNUSED_FUNCTION = YES;
				GCC_WARN_UNUSED_VARIABLE = YES;
				IPHONEOS_DEPLOYMENT_TARGET = 14.2;
				MTL_ENABLE_DEBUG_INFO = NO;
				MTL_FAST_MATH = YES;
				SDKROOT = iphoneos;
				SWIFT_COMPILATION_MODE = wholemodule;
				SWIFT_OPTIMIZATION_LEVEL = "-O";
				VALIDATE_PRODUCT = YES;
			};
			name = Release;
		};
		ADFBEC3D256D4BDC002EAE9D /* Debug */ = {
			isa = XCBuildConfiguration;
			baseConfigurationReference = 0ADC97CE740E79CC364E67DF /* Pods-Smiler.debug.xcconfig */;
			buildSettings = {
				ASSETCATALOG_COMPILER_APPICON_NAME = AppIcon;
				ASSETCATALOG_COMPILER_GLOBAL_ACCENT_COLOR_NAME = AccentColor;
				CODE_SIGN_STYLE = Automatic;
				DEVELOPMENT_TEAM = 7TST2X4MAG;
				INFOPLIST_FILE = Prototype/Info.plist;
				IPHONEOS_DEPLOYMENT_TARGET = 14.1;
				LD_RUNPATH_SEARCH_PATHS = (
					"$(inherited)",
					"@executable_path/Frameworks",
				);
				PRODUCT_BUNDLE_IDENTIFIER = mateus.Prototype;
				PRODUCT_NAME = "$(TARGET_NAME)";
				SWIFT_VERSION = 5.0;
				TARGETED_DEVICE_FAMILY = 1;
			};
			name = Debug;
		};
		ADFBEC3E256D4BDC002EAE9D /* Release */ = {
			isa = XCBuildConfiguration;
			baseConfigurationReference = 547D4D456EFBB9EF071372BC /* Pods-Smiler.release.xcconfig */;
			buildSettings = {
				ASSETCATALOG_COMPILER_APPICON_NAME = AppIcon;
				ASSETCATALOG_COMPILER_GLOBAL_ACCENT_COLOR_NAME = AccentColor;
				CODE_SIGN_STYLE = Automatic;
				DEVELOPMENT_TEAM = 7TST2X4MAG;
				INFOPLIST_FILE = Prototype/Info.plist;
				IPHONEOS_DEPLOYMENT_TARGET = 14.1;
				LD_RUNPATH_SEARCH_PATHS = (
					"$(inherited)",
					"@executable_path/Frameworks",
				);
				PRODUCT_BUNDLE_IDENTIFIER = mateus.Prototype;
				PRODUCT_NAME = "$(TARGET_NAME)";
				SWIFT_VERSION = 5.0;
				TARGETED_DEVICE_FAMILY = 1;
			};
			name = Release;
		};
		ADFBEC40256D4BDC002EAE9D /* Debug */ = {
			isa = XCBuildConfiguration;
			baseConfigurationReference = FB7FEC73DE562F9237B3F65B /* Pods-Smiler-SmilerTests.debug.xcconfig */;
			buildSettings = {
				ALWAYS_EMBED_SWIFT_STANDARD_LIBRARIES = YES;
				BUNDLE_LOADER = "$(TEST_HOST)";
				CODE_SIGN_STYLE = Automatic;
				DEVELOPMENT_TEAM = 7TST2X4MAG;
				INFOPLIST_FILE = PrototypeTests/Info.plist;
				IPHONEOS_DEPLOYMENT_TARGET = 14.2;
				LD_RUNPATH_SEARCH_PATHS = (
					"$(inherited)",
					"@executable_path/Frameworks",
					"@loader_path/Frameworks",
				);
				PRODUCT_BUNDLE_IDENTIFIER = mateus.PrototypeTests;
				PRODUCT_NAME = "$(TARGET_NAME)";
				SWIFT_VERSION = 5.0;
				TARGETED_DEVICE_FAMILY = "1,2";
				TEST_HOST = "$(BUILT_PRODUCTS_DIR)/Smiler.app/Smiler";
			};
			name = Debug;
		};
		ADFBEC41256D4BDC002EAE9D /* Release */ = {
			isa = XCBuildConfiguration;
			baseConfigurationReference = E76AF25E2F5DD3ED28863947 /* Pods-Smiler-SmilerTests.release.xcconfig */;
			buildSettings = {
				ALWAYS_EMBED_SWIFT_STANDARD_LIBRARIES = YES;
				BUNDLE_LOADER = "$(TEST_HOST)";
				CODE_SIGN_STYLE = Automatic;
				DEVELOPMENT_TEAM = 7TST2X4MAG;
				INFOPLIST_FILE = PrototypeTests/Info.plist;
				IPHONEOS_DEPLOYMENT_TARGET = 14.2;
				LD_RUNPATH_SEARCH_PATHS = (
					"$(inherited)",
					"@executable_path/Frameworks",
					"@loader_path/Frameworks",
				);
				PRODUCT_BUNDLE_IDENTIFIER = mateus.PrototypeTests;
				PRODUCT_NAME = "$(TARGET_NAME)";
				SWIFT_VERSION = 5.0;
				TARGETED_DEVICE_FAMILY = "1,2";
				TEST_HOST = "$(BUILT_PRODUCTS_DIR)/Smiler.app/Smiler";
			};
			name = Release;
		};
		ADFBEC43256D4BDC002EAE9D /* Debug */ = {
			isa = XCBuildConfiguration;
			baseConfigurationReference = 684C921C33DB3AB238EFD38E /* Pods-Smiler-SmilerUITests.debug.xcconfig */;
			buildSettings = {
				ALWAYS_EMBED_SWIFT_STANDARD_LIBRARIES = YES;
				CODE_SIGN_STYLE = Automatic;
				DEVELOPMENT_TEAM = 7TST2X4MAG;
				INFOPLIST_FILE = PrototypeUITests/Info.plist;
				LD_RUNPATH_SEARCH_PATHS = (
					"$(inherited)",
					"@executable_path/Frameworks",
					"@loader_path/Frameworks",
				);
				PRODUCT_BUNDLE_IDENTIFIER = mateus.PrototypeUITests;
				PRODUCT_NAME = "$(TARGET_NAME)";
				SWIFT_VERSION = 5.0;
				TARGETED_DEVICE_FAMILY = "1,2";
				TEST_TARGET_NAME = Prototype;
			};
			name = Debug;
		};
		ADFBEC44256D4BDC002EAE9D /* Release */ = {
			isa = XCBuildConfiguration;
			baseConfigurationReference = B67AACFB326B2CE171C30A9E /* Pods-Smiler-SmilerUITests.release.xcconfig */;
			buildSettings = {
				ALWAYS_EMBED_SWIFT_STANDARD_LIBRARIES = YES;
				CODE_SIGN_STYLE = Automatic;
				DEVELOPMENT_TEAM = 7TST2X4MAG;
				INFOPLIST_FILE = PrototypeUITests/Info.plist;
				LD_RUNPATH_SEARCH_PATHS = (
					"$(inherited)",
					"@executable_path/Frameworks",
					"@loader_path/Frameworks",
				);
				PRODUCT_BUNDLE_IDENTIFIER = mateus.PrototypeUITests;
				PRODUCT_NAME = "$(TARGET_NAME)";
				SWIFT_VERSION = 5.0;
				TARGETED_DEVICE_FAMILY = "1,2";
				TEST_TARGET_NAME = Prototype;
			};
			name = Release;
		};
/* End XCBuildConfiguration section */

/* Begin XCConfigurationList section */
		ADFBEC0A256D4BDB002EAE9D /* Build configuration list for PBXProject "Smiler" */ = {
			isa = XCConfigurationList;
			buildConfigurations = (
				ADFBEC3A256D4BDC002EAE9D /* Debug */,
				ADFBEC3B256D4BDC002EAE9D /* Release */,
			);
			defaultConfigurationIsVisible = 0;
			defaultConfigurationName = Release;
		};
		ADFBEC3C256D4BDC002EAE9D /* Build configuration list for PBXNativeTarget "Smiler" */ = {
			isa = XCConfigurationList;
			buildConfigurations = (
				ADFBEC3D256D4BDC002EAE9D /* Debug */,
				ADFBEC3E256D4BDC002EAE9D /* Release */,
			);
			defaultConfigurationIsVisible = 0;
			defaultConfigurationName = Release;
		};
		ADFBEC3F256D4BDC002EAE9D /* Build configuration list for PBXNativeTarget "SmilerTests" */ = {
			isa = XCConfigurationList;
			buildConfigurations = (
				ADFBEC40256D4BDC002EAE9D /* Debug */,
				ADFBEC41256D4BDC002EAE9D /* Release */,
			);
			defaultConfigurationIsVisible = 0;
			defaultConfigurationName = Release;
		};
		ADFBEC42256D4BDC002EAE9D /* Build configuration list for PBXNativeTarget "SmilerUITests" */ = {
			isa = XCConfigurationList;
			buildConfigurations = (
				ADFBEC43256D4BDC002EAE9D /* Debug */,
				ADFBEC44256D4BDC002EAE9D /* Release */,
			);
			defaultConfigurationIsVisible = 0;
			defaultConfigurationName = Release;
		};
/* End XCConfigurationList section */

/* Begin XCVersionGroup section */
		ADFBEC1B256D4BDB002EAE9D /* Prototype.xcdatamodeld */ = {
			isa = XCVersionGroup;
			children = (
				ADFBEC1C256D4BDB002EAE9D /* Prototype.xcdatamodel */,
			);
			currentVersion = ADFBEC1C256D4BDB002EAE9D /* Prototype.xcdatamodel */;
			path = Prototype.xcdatamodeld;
			sourceTree = "<group>";
			versionGroupType = wrapper.xcdatamodel;
		};
/* End XCVersionGroup section */
	};
	rootObject = ADFBEC07256D4BDB002EAE9D /* Project object */;
}
