PODS:
  - iOSSnapshotTestCase (6.2.0):
    - iOSSnapshotTestCase/SwiftSupport (= 6.2.0)
  - iOSSnapshotTestCase/Core (6.2.0)
  - iOSSnapshotTestCase/SwiftSupport (6.2.0):
    - iOSSnapshotTestCase/Core
  - Nimble (9.0.0)
  - Nimble-Snapshots (9.1.0):
    - Nimble-Snapshots/Core (= 9.1.0)
  - Nimble-Snapshots/Core (9.1.0):
    - iOSSnapshotTestCase (~> 6.0)
    - Nimble
  - Quick (3.1.2)
  - Realm (10.7.2):
    - Realm/Headers (= 10.7.2)
  - Realm/Headers (10.7.2)
  - RealmSwift (10.7.2):
    - Realm (= 10.7.2)

DEPENDENCIES:
  - Nimble
  - Nimble-Snapshots
  - Quick
  - RealmSwift

SPEC REPOS:
  trunk:
    - iOSSnapshotTestCase
    - Nimble
    - Nimble-Snapshots
    - Quick
    - Realm
    - RealmSwift

SPEC CHECKSUMS:
  iOSSnapshotTestCase: 9ab44cb5aa62b84d31847f40680112e15ec579a6
  Nimble: 3b4ec3fd40f1dc178058e0981107721c615643d8
  Nimble-Snapshots: 6605431525245f967ca9d558bb12a49da3d040e3
  Quick: 60f0ea3b8e0cfc0df3259a5c06a238ad8b3c46e0
  Realm: e523da9ade306c5ae87e85dc09fdef148d3e1cc1
  RealmSwift: 4f6758c3adbdcc87f7b7777107226532a077f61c

PODFILE CHECKSUM: be287173edec10d56920790578476c6fe8c2b8ec

COCOAPODS: 1.10.1
